
Microsoft Visual Studio Solution File, Format Version 12.00
# Visual Studio 15
VisualStudioVersion = 15.0.27703.2026
MinimumVisualStudioVersion = 10.0.40219.1
Project("{9A19103F-16F7-4668-BE54-9A1E7A4F7556}") = "DatingApp.API", "DatingApp.API.csproj", "{8B2C0304-E9E5-40AE-A63B-D89E9E4C8E8A}"
EndProject
Global
	GlobalSection(SolutionConfigurationPlatforms) = preSolution
		Debug|Any CPU = Debug|Any CPU
		Release|Any CPU = Release|Any CPU
	EndGlobalSection
	GlobalSection(ProjectConfigurationPlatforms) = postSolution
		{8B2C0304-E9E5-40AE-A63B-D89E9E4C8E8A}.Debug|Any CPU.ActiveCfg = Debug|Any CPU
		{8B2C0304-E9E5-40AE-A63B-D89E9E4C8E8A}.Debug|Any CPU.Build.0 = Debug|Any CPU
		{8B2C0304-E9E5-40AE-A63B-D89E9E4C8E8A}.Release|Any CPU.ActiveCfg = Release|Any CPU
		{8B2C0304-E9E5-40AE-A63B-D89E9E4C8E8A}.Release|Any CPU.Build.0 = Release|Any CPU
	EndGlobalSection
	GlobalSection(SolutionProperties) = preSolution
		HideSolutionNode = FALSE
	EndGlobalSection
	GlobalSection(ExtensibilityGlobals) = postSolution
		SolutionGuid = {A2E68160-4A08-4500-B078-401AE1DDA790}
	EndGlobalSection
EndGlobal
